<?xml version="1.0" encoding="utf-8"?>
<Project ToolsVersion="4.0" xmlns="http://schemas.microsoft.com/developer/msbuild/2003">
  <ItemGroup>
    <Filter Include="Source">
      <UniqueIdentifier>{4FC737F1-C7A5-4376-A066-2A32D752A2FF}</UniqueIdentifier>
      <Extensions>cpp;c;cc;cxx;def;odl;idl;hpj;bat;asm;asmx</Extensions>
    </Filter>
    <Filter Include="Header">
      <UniqueIdentifier>{93995380-89BD-4b04-88EB-625FBE52EBFB}</UniqueIdentifier>
      <Extensions>h;hpp;hxx;hm;inl;inc;xsd</Extensions>
    </Filter>
    <Filter Include="Resource">
      <UniqueIdentifier>{67DA6AB6-F800-4c08-8B7A-83BB121AAD01}</UniqueIdentifier>
      <Extensions>rc;ico;cur;bmp;dlg;rc2;rct;bin;rgs;gif;jpg;jpeg;jpe;resx;tiff;tif;png;wav</Extensions>
    </Filter>
    <Filter Include="Utility">
      <UniqueIdentifier>{73610d0c-83ab-4e73-b690-c1882d3a7b61}</UniqueIdentifier>
    </Filter>
    <Filter Include="MyDocument">
      <UniqueIdentifier>{6df6fee0-e2cc-4d93-b918-50d7f9a47568}</UniqueIdentifier>
    </Filter>
    <Filter Include="Dialog">
      <UniqueIdentifier>{1f4f5c90-8c18-49e9-9fc0-6facafdcb0d9}</UniqueIdentifier>
    </Filter>
    <Filter Include="Modifying helper">
      <UniqueIdentifier>{960f4607-f842-4f60-8b97-22f6c24a7849}</UniqueIdentifier>
    </Filter>
  </ItemGroup>
  <ItemGroup>
    <ClCompile Include="KEGIES.cpp">
      <Filter>Source</Filter>
    </ClCompile>
    <ClCompile Include="KEGIESDoc.cpp">
      <Filter>Source</Filter>
    </ClCompile>
    <ClCompile Include="KEGIESView.cpp">
      <Filter>Source</Filter>
    </ClCompile>
    <ClCompile Include="MainFrm.cpp">
      <Filter>Source</Filter>
    </ClCompile>
    <ClCompile Include="stdafx.cpp">
      <Filter>Source</Filter>
    </ClCompile>
    <ClCompile Include="AppSetting.cpp">
      <Filter>Source</Filter>
    </ClCompile>
    <ClCompile Include="SideDialog.cpp">
      <Filter>Source</Filter>
    </ClCompile>
    <ClCompile Include="View2.cpp">
      <Filter>Source</Filter>
    </ClCompile>
    <ClCompile Include="skeleton.cpp">
      <Filter>MyDocument</Filter>
    </ClCompile>
    <ClCompile Include="myDocument.cpp">
      <Filter>MyDocument</Filter>
    </ClCompile>
    <ClCompile Include="drawUtil.cpp">
      <Filter>Utility</Filter>
    </ClCompile>
    <ClCompile Include="meshMnger.cpp">
      <Filter>MyDocument</Filter>
    </ClCompile>
    <ClCompile Include="mouseDragHelper.cpp">
      <Filter>Modifying helper</Filter>
    </ClCompile>
    <ClCompile Include="meshObject.cpp">
      <Filter>MyDocument</Filter>
    </ClCompile>
    <ClCompile Include="boneModifyingDlg.cpp">
      <Filter>Dialog</Filter>
    </ClCompile>
  </ItemGroup>
  <ItemGroup>
    <ClInclude Include="KEGIES.h">
      <Filter>Header</Filter>
    </ClInclude>
    <ClInclude Include="KEGIESDoc.h">
      <Filter>Header</Filter>
    </ClInclude>
    <ClInclude Include="KEGIESView.h">
      <Filter>Header</Filter>
    </ClInclude>
    <ClInclude Include="MainFrm.h">
      <Filter>Header</Filter>
    </ClInclude>
    <ClInclude Include="Resource.h">
      <Filter>Header</Filter>
    </ClInclude>
    <ClInclude Include="stdafx.h">
      <Filter>Header</Filter>
    </ClInclude>
    <ClInclude Include="AppSetting.h">
      <Filter>Header</Filter>
    </ClInclude>
    <ClInclude Include="SideDialog.h">
      <Filter>Header</Filter>
    </ClInclude>
    <ClInclude Include="mirrorDraw.h">
      <Filter>Utility</Filter>
    </ClInclude>
    <ClInclude Include="View2.h">
      <Filter>Header</Filter>
    </ClInclude>
    <ClInclude Include="skeleton.h">
      <Filter>MyDocument</Filter>
    </ClInclude>
    <ClInclude Include="drawUtil.h">
      <Filter>Utility</Filter>
    </ClInclude>
    <ClInclude Include="myDocument.h">
      <Filter>MyDocument</Filter>
    </ClInclude>
    <ClInclude Include="meshMnger.h">
      <Filter>MyDocument</Filter>
    </ClInclude>
    <ClInclude Include="mouseDragHelper.h">
      <Filter>Modifying helper</Filter>
    </ClInclude>
    <ClInclude Include="meshObject.h">
      <Filter>MyDocument</Filter>
    </ClInclude>
    <ClInclude Include="boneModifyingDlg.h">
      <Filter>Dialog</Filter>
    </ClInclude>
    <ClInclude Include="transformCoord.h">
      <Filter>MyDocument</Filter>
    </ClInclude>
  </ItemGroup>
  <ItemGroup>
    <None Include="res\KEGIES.ico">
      <Filter>Resource</Filter>
    </None>
    <None Include="res\KEGIES.rc2">
      <Filter>Resource</Filter>
    </None>
    <None Include="res\KEGIESDoc.ico">
      <Filter>Resource</Filter>
    </None>
    <None Include="res\Toolbar.bmp">
      <Filter>Resource</Filter>
    </None>
    <None Include="ClassDiagram1.cd" />
    <None Include="res\icon1.ico">
      <Filter>Resource</Filter>
    </None>
    <None Include="res\ico00001.ico">
      <Filter>Resource</Filter>
    </None>
    <None Include="Readme.txt" />
  </ItemGroup>
  <ItemGroup>
    <ResourceCompile Include="KEGIES.rc">
      <Filter>Resource</Filter>
    </ResourceCompile>
  </ItemGroup>
</Project>